
Microsoft Visual Studio Solution File, Format Version 12.00
# Visual Studio Version 17
VisualStudioVersion = 17.2.32630.192
MinimumVisualStudioVersion = 10.0.40219.1
Project("{9A19103F-16F7-4668-BE54-9A1E7A4F7556}") = "CardboardBox.Anime.Cli", "CardboardBox.Anime.Cli\CardboardBox.Anime.Cli.csproj", "{D987EC18-A2BC-49B2-A3CE-061AA05D52CF}"
EndProject
Project("{9A19103F-16F7-4668-BE54-9A1E7A4F7556}") = "CardboardBox.Anime.Vrv", "CardboardBox.Anime.Vrv\CardboardBox.Anime.Vrv.csproj", "{136C4D2D-1F96-4E15-8959-F9FC3E9CAD32}"
EndProject
Project("{9A19103F-16F7-4668-BE54-9A1E7A4F7556}") = "CardboardBox.Anime.Core", "CardboardBox.Anime.Core\CardboardBox.Anime.Core.csproj", "{1B09EDDE-F5E5-4FF5-90B7-B14C6C4AB882}"
EndProject
Project("{9A19103F-16F7-4668-BE54-9A1E7A4F7556}") = "CardboardBox.Anime.Api", "CardboardBox.Anime.Api\CardboardBox.Anime.Api.csproj", "{63FBCC66-4C25-465F-AFC7-E83F72D64D4A}"
EndProject
Project("{9A19103F-16F7-4668-BE54-9A1E7A4F7556}") = "CardboardBox.Anime.Funimation", "CardboardBox.Anime.Funimation\CardboardBox.Anime.Funimation.csproj", "{377FD166-3B6D-465E-AA4F-AAEC22DFB200}"
EndProject
Project("{9A19103F-16F7-4668-BE54-9A1E7A4F7556}") = "CardboardBox.Anime.All", "CardboardBox.Anime.All\CardboardBox.Anime.All.csproj", "{AF248596-13FC-48EA-B9F4-B9EE8BE6D752}"
EndProject
Project("{2150E333-8FDC-42A3-9474-1A3956D46DE8}") = "Output Media", "Output Media", "{C0D571C4-DBA0-49C8-B3F5-19C040C6E267}"
EndProject
Project("{2150E333-8FDC-42A3-9474-1A3956D46DE8}") = "Third Party", "Third Party", "{54046D76-A0A0-4EBA-BF99-B1DDB6479448}"
EndProject
Project("{9A19103F-16F7-4668-BE54-9A1E7A4F7556}") = "CardboardBox.Anime.HiDive", "CardboardBox.Anime.HiDive\CardboardBox.Anime.HiDive.csproj", "{04CF4FA1-4C21-4F86-9589-F07164A89C92}"
EndProject
Project("{9A19103F-16F7-4668-BE54-9A1E7A4F7556}") = "CardboardBox.Anime.Database", "CardboardBox.Anime.Database\CardboardBox.Anime.Database.csproj", "{90B2BCA8-95A5-4293-854E-03D26546CC95}"
EndProject
Project("{9A19103F-16F7-4668-BE54-9A1E7A4F7556}") = "CardboardBox.Anime.Auth", "CardboardBox.Anime.Auth\CardboardBox.Anime.Auth.csproj", "{0DA0D32B-6F49-44BD-AF87-5A059ABB0DEE}"
EndProject
Project("{9A19103F-16F7-4668-BE54-9A1E7A4F7556}") = "CardboardBox.Anime.Bot", "CardboardBox.Anime.Bot\CardboardBox.Anime.Bot.csproj", "{E704C1DF-C226-4387-BCBC-A5E8C91EF7ED}"
EndProject
Project("{2150E333-8FDC-42A3-9474-1A3956D46DE8}") = "Bot", "Bot", "{1910D6AC-09FF-4281-8278-11482CBE65E5}"
EndProject
Project("{9A19103F-16F7-4668-BE54-9A1E7A4F7556}") = "CardboardBox.Anime.Bot.Cli", "CardboardBox.Anime.Bot.Cli\CardboardBox.Anime.Bot.Cli.csproj", "{9651DB4D-5522-4D09-BF67-9F210371F255}"
EndProject
Project("{9A19103F-16F7-4668-BE54-9A1E7A4F7556}") = "CardboardBox.Anime.Holybooks", "CardboardBox.Anime.Holybooks\CardboardBox.Anime.Holybooks.csproj", "{F12D1CEE-7D8A-4BD3-A6EE-70C43594F4BD}"
EndProject
Project("{9A19103F-16F7-4668-BE54-9A1E7A4F7556}") = "CardboardBox.Anime.Crunchyroll", "CardboardBox.Anime.Crunchyroll\CardboardBox.Anime.Crunchyroll.csproj", "{E03EA59A-5113-4948-A036-C5D8997B242F}"
EndProject
Project("{2150E333-8FDC-42A3-9474-1A3956D46DE8}") = "LightNovel", "LightNovel", "{C935AC61-5110-4891-AC61-70359429F260}"
EndProject
Project("{9A19103F-16F7-4668-BE54-9A1E7A4F7556}") = "CardboardBox.LightNovel.Core", "CardboardBox.LightNovel.Core\CardboardBox.LightNovel.Core.csproj", "{A914ABB3-9275-45EC-98C1-FD615ADD9835}"
EndProject
Project("{2150E333-8FDC-42A3-9474-1A3956D46DE8}") = "Solution Items", "Solution Items", "{64846183-815B-4A48-B116-C91F15BF6FDC}"
	ProjectSection(SolutionItems) = preProject
		..\.dockerignore = ..\.dockerignore
		..\.gitignore = ..\.gitignore
		..\api.Dockerfile = ..\api.Dockerfile
		..\bot.Dockerfile = ..\bot.Dockerfile
		..\deploy.sh = ..\deploy.sh
		..\docker-compose.yml = ..\docker-compose.yml
		global.cs = global.cs
		..\nginx.conf = ..\nginx.conf
		..\README.md = ..\README.md
		..\ui.Dockerfile = ..\ui.Dockerfile
	EndProjectSection
EndProject
Project("{9A19103F-16F7-4668-BE54-9A1E7A4F7556}") = "CardboardBox.Epub", "CardboardBox.Epub\CardboardBox.Epub.csproj", "{E9AFB036-A25D-439D-983A-BFDF873029F5}"
EndProject
Project("{9A19103F-16F7-4668-BE54-9A1E7A4F7556}") = "CardboardBox.Anime.AI", "CardboardBox.Anime.AI\CardboardBox.Anime.AI.csproj", "{AD0BAC2B-9D64-4AF8-85D4-F6E8A1417A24}"
EndProject
Project("{9A19103F-16F7-4668-BE54-9A1E7A4F7556}") = "CardboardBox.Anime.Ui", "CardboardBox.Anime.Ui\CardboardBox.Anime.Ui.csproj", "{FAB6238C-0550-4FC8-B30C-20B188E41EC3}"
EndProject
Project("{9A19103F-16F7-4668-BE54-9A1E7A4F7556}") = "CardboardBox.Manga", "CardboardBox.Manga\CardboardBox.Manga.csproj", "{341CFB74-07A7-4BE4-AAC1-C463D6D74978}"
EndProject
Project("{2150E333-8FDC-42A3-9474-1A3956D46DE8}") = "Manga", "Manga", "{1DC133EE-3636-480D-AB7D-91F6BE870927}"
EndProject
Project("{9A19103F-16F7-4668-BE54-9A1E7A4F7556}") = "CardboardBox.Manga.MangaDex", "CardboardBox.Manga.MangaDex\CardboardBox.Manga.MangaDex.csproj", "{D0C66829-CB1D-4162-A2D8-35496D97C8D5}"
EndProject
Project("{9A19103F-16F7-4668-BE54-9A1E7A4F7556}") = "CardboardBox.Anime.Web", "CardboardBox.Anime.Web\CardboardBox.Anime.Web.csproj", "{AC5B646E-0F86-409A-9114-B612E8BA4D50}"
EndProject
Project("{9A19103F-16F7-4668-BE54-9A1E7A4F7556}") = "CardboardBox.Anime.DiscordIntermediary", "CardboardBox.Anime.DiscordIntermediary\CardboardBox.Anime.DiscordIntermediary.csproj", "{0549144D-90D7-4C06-A577-AFCF38CEBB79}"
EndProject
Project("{9A19103F-16F7-4668-BE54-9A1E7A4F7556}") = "CardboardBox.Match", "CardboardBox.Match\CardboardBox.Match.csproj", "{63BFE516-1986-4D1A-9EF9-A61F591F02B3}"
EndProject
Project("{9A19103F-16F7-4668-BE54-9A1E7A4F7556}") = "CardboardBox.BackgroundTasks.Cli", "CardboardBox.BackgroundTasks.Cli\CardboardBox.BackgroundTasks.Cli.csproj", "{94F06A50-B66D-4DD5-9F55-561DE9EBF3B5}"
EndProject
Project("{9A19103F-16F7-4668-BE54-9A1E7A4F7556}") = "CardboardBox.Anime.ChatGPT", "CardboardBox.Anime.ChatGPT\CardboardBox.Anime.ChatGPT.csproj", "{E16185B1-6A62-409C-AA5D-2CB73B30421F}"
EndProject
Project("{FAE04EC0-301F-11D3-BF4B-00C04F79EFBC}") = "CardboardBox.Scripting", "CardboardBox.Scripting\CardboardBox.Scripting.csproj", "{9D81A8C2-45C6-4222-B478-6462AC032835}"
EndProject
Global
	GlobalSection(SolutionConfigurationPlatforms) = preSolution
		Debug|Any CPU = Debug|Any CPU
		Release|Any CPU = Release|Any CPU
	EndGlobalSection
	GlobalSection(ProjectConfigurationPlatforms) = postSolution
		{D987EC18-A2BC-49B2-A3CE-061AA05D52CF}.Debug|Any CPU.ActiveCfg = Debug|Any CPU
		{D987EC18-A2BC-49B2-A3CE-061AA05D52CF}.Debug|Any CPU.Build.0 = Debug|Any CPU
		{D987EC18-A2BC-49B2-A3CE-061AA05D52CF}.Release|Any CPU.ActiveCfg = Release|Any CPU
		{D987EC18-A2BC-49B2-A3CE-061AA05D52CF}.Release|Any CPU.Build.0 = Release|Any CPU
		{136C4D2D-1F96-4E15-8959-F9FC3E9CAD32}.Debug|Any CPU.ActiveCfg = Debug|Any CPU
		{136C4D2D-1F96-4E15-8959-F9FC3E9CAD32}.Debug|Any CPU.Build.0 = Debug|Any CPU
		{136C4D2D-1F96-4E15-8959-F9FC3E9CAD32}.Release|Any CPU.ActiveCfg = Release|Any CPU
		{136C4D2D-1F96-4E15-8959-F9FC3E9CAD32}.Release|Any CPU.Build.0 = Release|Any CPU
		{1B09EDDE-F5E5-4FF5-90B7-B14C6C4AB882}.Debug|Any CPU.ActiveCfg = Debug|Any CPU
		{1B09EDDE-F5E5-4FF5-90B7-B14C6C4AB882}.Debug|Any CPU.Build.0 = Debug|Any CPU
		{1B09EDDE-F5E5-4FF5-90B7-B14C6C4AB882}.Release|Any CPU.ActiveCfg = Release|Any CPU
		{1B09EDDE-F5E5-4FF5-90B7-B14C6C4AB882}.Release|Any CPU.Build.0 = Release|Any CPU
		{63FBCC66-4C25-465F-AFC7-E83F72D64D4A}.Debug|Any CPU.ActiveCfg = Debug|Any CPU
		{63FBCC66-4C25-465F-AFC7-E83F72D64D4A}.Debug|Any CPU.Build.0 = Debug|Any CPU
		{63FBCC66-4C25-465F-AFC7-E83F72D64D4A}.Release|Any CPU.ActiveCfg = Release|Any CPU
		{63FBCC66-4C25-465F-AFC7-E83F72D64D4A}.Release|Any CPU.Build.0 = Release|Any CPU
		{377FD166-3B6D-465E-AA4F-AAEC22DFB200}.Debug|Any CPU.ActiveCfg = Debug|Any CPU
		{377FD166-3B6D-465E-AA4F-AAEC22DFB200}.Debug|Any CPU.Build.0 = Debug|Any CPU
		{377FD166-3B6D-465E-AA4F-AAEC22DFB200}.Release|Any CPU.ActiveCfg = Release|Any CPU
		{377FD166-3B6D-465E-AA4F-AAEC22DFB200}.Release|Any CPU.Build.0 = Release|Any CPU
		{AF248596-13FC-48EA-B9F4-B9EE8BE6D752}.Debug|Any CPU.ActiveCfg = Debug|Any CPU
		{AF248596-13FC-48EA-B9F4-B9EE8BE6D752}.Debug|Any CPU.Build.0 = Debug|Any CPU
		{AF248596-13FC-48EA-B9F4-B9EE8BE6D752}.Release|Any CPU.ActiveCfg = Release|Any CPU
		{AF248596-13FC-48EA-B9F4-B9EE8BE6D752}.Release|Any CPU.Build.0 = Release|Any CPU
		{04CF4FA1-4C21-4F86-9589-F07164A89C92}.Debug|Any CPU.ActiveCfg = Debug|Any CPU
		{04CF4FA1-4C21-4F86-9589-F07164A89C92}.Debug|Any CPU.Build.0 = Debug|Any CPU
		{04CF4FA1-4C21-4F86-9589-F07164A89C92}.Release|Any CPU.ActiveCfg = Release|Any CPU
		{04CF4FA1-4C21-4F86-9589-F07164A89C92}.Release|Any CPU.Build.0 = Release|Any CPU
		{90B2BCA8-95A5-4293-854E-03D26546CC95}.Debug|Any CPU.ActiveCfg = Debug|Any CPU
		{90B2BCA8-95A5-4293-854E-03D26546CC95}.Debug|Any CPU.Build.0 = Debug|Any CPU
		{90B2BCA8-95A5-4293-854E-03D26546CC95}.Release|Any CPU.ActiveCfg = Release|Any CPU
		{90B2BCA8-95A5-4293-854E-03D26546CC95}.Release|Any CPU.Build.0 = Release|Any CPU
		{0DA0D32B-6F49-44BD-AF87-5A059ABB0DEE}.Debug|Any CPU.ActiveCfg = Debug|Any CPU
		{0DA0D32B-6F49-44BD-AF87-5A059ABB0DEE}.Debug|Any CPU.Build.0 = Debug|Any CPU
		{0DA0D32B-6F49-44BD-AF87-5A059ABB0DEE}.Release|Any CPU.ActiveCfg = Release|Any CPU
		{0DA0D32B-6F49-44BD-AF87-5A059ABB0DEE}.Release|Any CPU.Build.0 = Release|Any CPU
		{E704C1DF-C226-4387-BCBC-A5E8C91EF7ED}.Debug|Any CPU.ActiveCfg = Debug|Any CPU
		{E704C1DF-C226-4387-BCBC-A5E8C91EF7ED}.Debug|Any CPU.Build.0 = Debug|Any CPU
		{E704C1DF-C226-4387-BCBC-A5E8C91EF7ED}.Release|Any CPU.ActiveCfg = Release|Any CPU
		{E704C1DF-C226-4387-BCBC-A5E8C91EF7ED}.Release|Any CPU.Build.0 = Release|Any CPU
		{9651DB4D-5522-4D09-BF67-9F210371F255}.Debug|Any CPU.ActiveCfg = Debug|Any CPU
		{9651DB4D-5522-4D09-BF67-9F210371F255}.Debug|Any CPU.Build.0 = Debug|Any CPU
		{9651DB4D-5522-4D09-BF67-9F210371F255}.Release|Any CPU.ActiveCfg = Release|Any CPU
		{9651DB4D-5522-4D09-BF67-9F210371F255}.Release|Any CPU.Build.0 = Release|Any CPU
		{F12D1CEE-7D8A-4BD3-A6EE-70C43594F4BD}.Debug|Any CPU.ActiveCfg = Debug|Any CPU
		{F12D1CEE-7D8A-4BD3-A6EE-70C43594F4BD}.Debug|Any CPU.Build.0 = Debug|Any CPU
		{F12D1CEE-7D8A-4BD3-A6EE-70C43594F4BD}.Release|Any CPU.ActiveCfg = Release|Any CPU
		{F12D1CEE-7D8A-4BD3-A6EE-70C43594F4BD}.Release|Any CPU.Build.0 = Release|Any CPU
		{E03EA59A-5113-4948-A036-C5D8997B242F}.Debug|Any CPU.ActiveCfg = Debug|Any CPU
		{E03EA59A-5113-4948-A036-C5D8997B242F}.Debug|Any CPU.Build.0 = Debug|Any CPU
		{E03EA59A-5113-4948-A036-C5D8997B242F}.Release|Any CPU.ActiveCfg = Release|Any CPU
		{E03EA59A-5113-4948-A036-C5D8997B242F}.Release|Any CPU.Build.0 = Release|Any CPU
		{A914ABB3-9275-45EC-98C1-FD615ADD9835}.Debug|Any CPU.ActiveCfg = Debug|Any CPU
		{A914ABB3-9275-45EC-98C1-FD615ADD9835}.Debug|Any CPU.Build.0 = Debug|Any CPU
		{A914ABB3-9275-45EC-98C1-FD615ADD9835}.Release|Any CPU.ActiveCfg = Release|Any CPU
		{A914ABB3-9275-45EC-98C1-FD615ADD9835}.Release|Any CPU.Build.0 = Release|Any CPU
		{E9AFB036-A25D-439D-983A-BFDF873029F5}.Debug|Any CPU.ActiveCfg = Debug|Any CPU
		{E9AFB036-A25D-439D-983A-BFDF873029F5}.Debug|Any CPU.Build.0 = Debug|Any CPU
		{E9AFB036-A25D-439D-983A-BFDF873029F5}.Release|Any CPU.ActiveCfg = Release|Any CPU
		{E9AFB036-A25D-439D-983A-BFDF873029F5}.Release|Any CPU.Build.0 = Release|Any CPU
		{AD0BAC2B-9D64-4AF8-85D4-F6E8A1417A24}.Debug|Any CPU.ActiveCfg = Debug|Any CPU
		{AD0BAC2B-9D64-4AF8-85D4-F6E8A1417A24}.Debug|Any CPU.Build.0 = Debug|Any CPU
		{AD0BAC2B-9D64-4AF8-85D4-F6E8A1417A24}.Release|Any CPU.ActiveCfg = Release|Any CPU
		{AD0BAC2B-9D64-4AF8-85D4-F6E8A1417A24}.Release|Any CPU.Build.0 = Release|Any CPU
		{FAB6238C-0550-4FC8-B30C-20B188E41EC3}.Debug|Any CPU.ActiveCfg = Debug|Any CPU
		{FAB6238C-0550-4FC8-B30C-20B188E41EC3}.Debug|Any CPU.Build.0 = Debug|Any CPU
		{FAB6238C-0550-4FC8-B30C-20B188E41EC3}.Release|Any CPU.ActiveCfg = Release|Any CPU
		{FAB6238C-0550-4FC8-B30C-20B188E41EC3}.Release|Any CPU.Build.0 = Release|Any CPU
		{341CFB74-07A7-4BE4-AAC1-C463D6D74978}.Debug|Any CPU.ActiveCfg = Debug|Any CPU
		{341CFB74-07A7-4BE4-AAC1-C463D6D74978}.Debug|Any CPU.Build.0 = Debug|Any CPU
		{341CFB74-07A7-4BE4-AAC1-C463D6D74978}.Release|Any CPU.ActiveCfg = Release|Any CPU
		{341CFB74-07A7-4BE4-AAC1-C463D6D74978}.Release|Any CPU.Build.0 = Release|Any CPU
		{D0C66829-CB1D-4162-A2D8-35496D97C8D5}.Debug|Any CPU.ActiveCfg = Debug|Any CPU
		{D0C66829-CB1D-4162-A2D8-35496D97C8D5}.Debug|Any CPU.Build.0 = Debug|Any CPU
		{D0C66829-CB1D-4162-A2D8-35496D97C8D5}.Release|Any CPU.ActiveCfg = Release|Any CPU
		{D0C66829-CB1D-4162-A2D8-35496D97C8D5}.Release|Any CPU.Build.0 = Release|Any CPU
		{AC5B646E-0F86-409A-9114-B612E8BA4D50}.Debug|Any CPU.ActiveCfg = Debug|Any CPU
		{AC5B646E-0F86-409A-9114-B612E8BA4D50}.Debug|Any CPU.Build.0 = Debug|Any CPU
		{AC5B646E-0F86-409A-9114-B612E8BA4D50}.Release|Any CPU.ActiveCfg = Release|Any CPU
		{AC5B646E-0F86-409A-9114-B612E8BA4D50}.Release|Any CPU.Build.0 = Release|Any CPU
		{0549144D-90D7-4C06-A577-AFCF38CEBB79}.Debug|Any CPU.ActiveCfg = Debug|Any CPU
		{0549144D-90D7-4C06-A577-AFCF38CEBB79}.Debug|Any CPU.Build.0 = Debug|Any CPU
		{0549144D-90D7-4C06-A577-AFCF38CEBB79}.Release|Any CPU.ActiveCfg = Release|Any CPU
		{0549144D-90D7-4C06-A577-AFCF38CEBB79}.Release|Any CPU.Build.0 = Release|Any CPU
		{63BFE516-1986-4D1A-9EF9-A61F591F02B3}.Debug|Any CPU.ActiveCfg = Debug|Any CPU
		{63BFE516-1986-4D1A-9EF9-A61F591F02B3}.Debug|Any CPU.Build.0 = Debug|Any CPU
		{63BFE516-1986-4D1A-9EF9-A61F591F02B3}.Release|Any CPU.ActiveCfg = Release|Any CPU
		{63BFE516-1986-4D1A-9EF9-A61F591F02B3}.Release|Any CPU.Build.0 = Release|Any CPU
		{94F06A50-B66D-4DD5-9F55-561DE9EBF3B5}.Debug|Any CPU.ActiveCfg = Debug|Any CPU
		{94F06A50-B66D-4DD5-9F55-561DE9EBF3B5}.Debug|Any CPU.Build.0 = Debug|Any CPU
		{94F06A50-B66D-4DD5-9F55-561DE9EBF3B5}.Release|Any CPU.ActiveCfg = Release|Any CPU
		{94F06A50-B66D-4DD5-9F55-561DE9EBF3B5}.Release|Any CPU.Build.0 = Release|Any CPU
		{E16185B1-6A62-409C-AA5D-2CB73B30421F}.Debug|Any CPU.ActiveCfg = Debug|Any CPU
		{E16185B1-6A62-409C-AA5D-2CB73B30421F}.Debug|Any CPU.Build.0 = Debug|Any CPU
		{E16185B1-6A62-409C-AA5D-2CB73B30421F}.Release|Any CPU.ActiveCfg = Release|Any CPU
		{E16185B1-6A62-409C-AA5D-2CB73B30421F}.Release|Any CPU.Build.0 = Release|Any CPU
		{9D81A8C2-45C6-4222-B478-6462AC032835}.Debug|Any CPU.ActiveCfg = Debug|Any CPU
		{9D81A8C2-45C6-4222-B478-6462AC032835}.Debug|Any CPU.Build.0 = Debug|Any CPU
		{9D81A8C2-45C6-4222-B478-6462AC032835}.Release|Any CPU.ActiveCfg = Release|Any CPU
		{9D81A8C2-45C6-4222-B478-6462AC032835}.Release|Any CPU.Build.0 = Release|Any CPU
	EndGlobalSection
	GlobalSection(SolutionProperties) = preSolution
		HideSolutionNode = FALSE
	EndGlobalSection
	GlobalSection(NestedProjects) = preSolution
		{D987EC18-A2BC-49B2-A3CE-061AA05D52CF} = {C0D571C4-DBA0-49C8-B3F5-19C040C6E267}
		{136C4D2D-1F96-4E15-8959-F9FC3E9CAD32} = {54046D76-A0A0-4EBA-BF99-B1DDB6479448}
		{63FBCC66-4C25-465F-AFC7-E83F72D64D4A} = {C0D571C4-DBA0-49C8-B3F5-19C040C6E267}
		{377FD166-3B6D-465E-AA4F-AAEC22DFB200} = {54046D76-A0A0-4EBA-BF99-B1DDB6479448}
		{04CF4FA1-4C21-4F86-9589-F07164A89C92} = {54046D76-A0A0-4EBA-BF99-B1DDB6479448}
		{E704C1DF-C226-4387-BCBC-A5E8C91EF7ED} = {1910D6AC-09FF-4281-8278-11482CBE65E5}
		{9651DB4D-5522-4D09-BF67-9F210371F255} = {1910D6AC-09FF-4281-8278-11482CBE65E5}
		{F12D1CEE-7D8A-4BD3-A6EE-70C43594F4BD} = {1910D6AC-09FF-4281-8278-11482CBE65E5}
		{E03EA59A-5113-4948-A036-C5D8997B242F} = {54046D76-A0A0-4EBA-BF99-B1DDB6479448}
		{A914ABB3-9275-45EC-98C1-FD615ADD9835} = {C935AC61-5110-4891-AC61-70359429F260}
		{E9AFB036-A25D-439D-983A-BFDF873029F5} = {C935AC61-5110-4891-AC61-70359429F260}
		{AD0BAC2B-9D64-4AF8-85D4-F6E8A1417A24} = {1910D6AC-09FF-4281-8278-11482CBE65E5}
		{FAB6238C-0550-4FC8-B30C-20B188E41EC3} = {C0D571C4-DBA0-49C8-B3F5-19C040C6E267}
		{341CFB74-07A7-4BE4-AAC1-C463D6D74978} = {1DC133EE-3636-480D-AB7D-91F6BE870927}
		{D0C66829-CB1D-4162-A2D8-35496D97C8D5} = {1DC133EE-3636-480D-AB7D-91F6BE870927}
		{AC5B646E-0F86-409A-9114-B612E8BA4D50} = {C0D571C4-DBA0-49C8-B3F5-19C040C6E267}
		{0549144D-90D7-4C06-A577-AFCF38CEBB79} = {1910D6AC-09FF-4281-8278-11482CBE65E5}
		{63BFE516-1986-4D1A-9EF9-A61F591F02B3} = {1DC133EE-3636-480D-AB7D-91F6BE870927}
		{94F06A50-B66D-4DD5-9F55-561DE9EBF3B5} = {C0D571C4-DBA0-49C8-B3F5-19C040C6E267}
		{E16185B1-6A62-409C-AA5D-2CB73B30421F} = {1910D6AC-09FF-4281-8278-11482CBE65E5}
		{9D81A8C2-45C6-4222-B478-6462AC032835} = {54046D76-A0A0-4EBA-BF99-B1DDB6479448}
	EndGlobalSection
	GlobalSection(ExtensibilityGlobals) = postSolution
		SolutionGuid = {F429A525-1A87-4D64-8900-FDC4C26EE386}
	EndGlobalSection
EndGlobal
